
Microsoft Visual Studio Solution File, Format Version 12.00
# Visual Studio Version 17
VisualStudioVersion = 17.10.35013.160
MinimumVisualStudioVersion = 10.0.40219.1
Project("{9A19103F-16F7-4668-BE54-9A1E7A4F7556}") = "Ofx", "Ofx.csproj", "{54B263F4-2A4D-4CDF-86BD-16114A504FFC}"
EndProject
Project("{2150E333-8FDC-42A3-9474-1A3956D46DE8}") = "Itens de Solução", "Itens de Solução", "{D0A57C99-14CE-45BF-BE42-1EC8D8EA7682}"
	ProjectSection(SolutionItems) = preProject
		C:\Users\marcos\OneDrive\Área de Trabalho\logo_iob.jpg = C:\Users\marcos\OneDrive\Área de Trabalho\logo_iob.jpg
	EndProjectSection
EndProject
Global
	GlobalSection(SolutionConfigurationPlatforms) = preSolution
		Debug|Any CPU = Debug|Any CPU
		Release|Any CPU = Release|Any CPU
	EndGlobalSection
	GlobalSection(ProjectConfigurationPlatforms) = postSolution
		{54B263F4-2A4D-4CDF-86BD-16114A504FFC}.Debug|Any CPU.ActiveCfg = Debug|Any CPU
		{54B263F4-2A4D-4CDF-86BD-16114A504FFC}.Debug|Any CPU.Build.0 = Debug|Any CPU
		{54B263F4-2A4D-4CDF-86BD-16114A504FFC}.Release|Any CPU.ActiveCfg = Release|Any CPU
		{54B263F4-2A4D-4CDF-86BD-16114A504FFC}.Release|Any CPU.Build.0 = Release|Any CPU
	EndGlobalSection
	GlobalSection(SolutionProperties) = preSolution
		HideSolutionNode = FALSE
	EndGlobalSection
	GlobalSection(ExtensibilityGlobals) = postSolution
		SolutionGuid = {0C06681D-7685-4CC6-9E90-E5120CFA9616}
	EndGlobalSection
EndGlobal
